
Microsoft Visual Studio Solution File, Format Version 12.00
# Visual Studio Version 17
VisualStudioVersion = 17.13.35931.197 d17.13
MinimumVisualStudioVersion = 10.0.40219.1
Project("{2150E333-8FDC-42A3-9474-1A3956D46DE8}") = "src", "src", "{02EA681E-C7D8-13C7-8484-4AC65E1B71E8}"
EndProject
Project("{FAE04EC0-301F-11D3-BF4B-00C04F79EFBC}") = "Ecom.Core", "Ecom.Core\Ecom.Core.csproj", "{E19438B0-81A6-4DB8-B806-DE9B87A489FD}"
EndProject
Project("{FAE04EC0-301F-11D3-BF4B-00C04F79EFBC}") = "Ecom.Infrastructure", "Ecom.Infrastructure\Ecom.Infrastructure.csproj", "{ED41D259-6EF2-4450-A267-DF447368721A}"
EndProject
Project("{FAE04EC0-301F-11D3-BF4B-00C04F79EFBC}") = "Ecom.API", "Ecom.API\Ecom.API.csproj", "{E4945C47-C6AF-429E-850D-F08DAD2A1810}"
EndProject
Global
	GlobalSection(SolutionConfigurationPlatforms) = preSolution
		Debug|Any CPU = Debug|Any CPU
		Release|Any CPU = Release|Any CPU
	EndGlobalSection
	GlobalSection(ProjectConfigurationPlatforms) = postSolution
		{E19438B0-81A6-4DB8-B806-DE9B87A489FD}.Debug|Any CPU.ActiveCfg = Debug|Any CPU
		{E19438B0-81A6-4DB8-B806-DE9B87A489FD}.Debug|Any CPU.Build.0 = Debug|Any CPU
		{E19438B0-81A6-4DB8-B806-DE9B87A489FD}.Release|Any CPU.ActiveCfg = Release|Any CPU
		{E19438B0-81A6-4DB8-B806-DE9B87A489FD}.Release|Any CPU.Build.0 = Release|Any CPU
		{ED41D259-6EF2-4450-A267-DF447368721A}.Debug|Any CPU.ActiveCfg = Debug|Any CPU
		{ED41D259-6EF2-4450-A267-DF447368721A}.Debug|Any CPU.Build.0 = Debug|Any CPU
		{ED41D259-6EF2-4450-A267-DF447368721A}.Release|Any CPU.ActiveCfg = Release|Any CPU
		{ED41D259-6EF2-4450-A267-DF447368721A}.Release|Any CPU.Build.0 = Release|Any CPU
		{E4945C47-C6AF-429E-850D-F08DAD2A1810}.Debug|Any CPU.ActiveCfg = Debug|Any CPU
		{E4945C47-C6AF-429E-850D-F08DAD2A1810}.Debug|Any CPU.Build.0 = Debug|Any CPU
		{E4945C47-C6AF-429E-850D-F08DAD2A1810}.Release|Any CPU.ActiveCfg = Release|Any CPU
		{E4945C47-C6AF-429E-850D-F08DAD2A1810}.Release|Any CPU.Build.0 = Release|Any CPU
	EndGlobalSection
	GlobalSection(SolutionProperties) = preSolution
		HideSolutionNode = FALSE
	EndGlobalSection
	GlobalSection(NestedProjects) = preSolution
		{E19438B0-81A6-4DB8-B806-DE9B87A489FD} = {02EA681E-C7D8-13C7-8484-4AC65E1B71E8}
		{ED41D259-6EF2-4450-A267-DF447368721A} = {02EA681E-C7D8-13C7-8484-4AC65E1B71E8}
		{E4945C47-C6AF-429E-850D-F08DAD2A1810} = {02EA681E-C7D8-13C7-8484-4AC65E1B71E8}
	EndGlobalSection
	GlobalSection(ExtensibilityGlobals) = postSolution
		SolutionGuid = {C196D7B6-2FB7-4F5B-80EF-B62636EC4E9C}
	EndGlobalSection
EndGlobal
